
Microsoft Visual Studio Solution File, Format Version 12.00
# Visual Studio Version 16
VisualStudioVersion = 16.0.33130.400
MinimumVisualStudioVersion = 10.0.40219.1
Project("{FAE04EC0-301F-11D3-BF4B-00C04F79EFBC}") = "LinqLambdaExpression", "LinqLambdaExpression\LinqLambdaExpression.csproj", "{6C3FF646-1191-4C57-940F-FCF81FB9B212}"
EndProject
Project("{FAE04EC0-301F-11D3-BF4B-00C04F79EFBC}") = "Loja.Infra.EF", "Loja.Infra.EF\Loja.Infra.EF.csproj", "{AC8A5BBD-3326-4D92-875F-3689222EF503}"
EndProject
Project("{FAE04EC0-301F-11D3-BF4B-00C04F79EFBC}") = "Loja.Infra.Linq", "Loja.Infra.Linq\Loja.Infra.Linq.csproj", "{99F10386-6D0B-467F-B9C7-9401EE1B78A2}"
EndProject
Global
	GlobalSection(SolutionConfigurationPlatforms) = preSolution
		Debug|Any CPU = Debug|Any CPU
		Release|Any CPU = Release|Any CPU
	EndGlobalSection
	GlobalSection(ProjectConfigurationPlatforms) = postSolution
		{6C3FF646-1191-4C57-940F-FCF81FB9B212}.Debug|Any CPU.ActiveCfg = Debug|Any CPU
		{6C3FF646-1191-4C57-940F-FCF81FB9B212}.Debug|Any CPU.Build.0 = Debug|Any CPU
		{6C3FF646-1191-4C57-940F-FCF81FB9B212}.Release|Any CPU.ActiveCfg = Release|Any CPU
		{6C3FF646-1191-4C57-940F-FCF81FB9B212}.Release|Any CPU.Build.0 = Release|Any CPU
		{AC8A5BBD-3326-4D92-875F-3689222EF503}.Debug|Any CPU.ActiveCfg = Debug|Any CPU
		{AC8A5BBD-3326-4D92-875F-3689222EF503}.Debug|Any CPU.Build.0 = Debug|Any CPU
		{AC8A5BBD-3326-4D92-875F-3689222EF503}.Release|Any CPU.ActiveCfg = Release|Any CPU
		{AC8A5BBD-3326-4D92-875F-3689222EF503}.Release|Any CPU.Build.0 = Release|Any CPU
		{99F10386-6D0B-467F-B9C7-9401EE1B78A2}.Debug|Any CPU.ActiveCfg = Debug|Any CPU
		{99F10386-6D0B-467F-B9C7-9401EE1B78A2}.Debug|Any CPU.Build.0 = Debug|Any CPU
		{99F10386-6D0B-467F-B9C7-9401EE1B78A2}.Release|Any CPU.ActiveCfg = Release|Any CPU
		{99F10386-6D0B-467F-B9C7-9401EE1B78A2}.Release|Any CPU.Build.0 = Release|Any CPU
	EndGlobalSection
	GlobalSection(SolutionProperties) = preSolution
		HideSolutionNode = FALSE
	EndGlobalSection
	GlobalSection(ExtensibilityGlobals) = postSolution
		SolutionGuid = {AA288CAE-845A-40D1-ABE3-F68640C284D2}
	EndGlobalSection
EndGlobal
